
Microsoft Visual Studio Solution File, Format Version 12.00
# Visual Studio Version 17
VisualStudioVersion = 17.7.34031.279
MinimumVisualStudioVersion = 10.0.40219.1
Project("{FAE04EC0-301F-11D3-BF4B-00C04F79EFBC}") = "C#", "C#\C#.csproj", "{A17E38A4-14C2-4B25-BFE4-29BBA7B7B302}"
EndProject
Global
	GlobalSection(SolutionConfigurationPlatforms) = preSolution
		Debug|Any CPU = Debug|Any CPU
		Release|Any CPU = Release|Any CPU
	EndGlobalSection
	GlobalSection(ProjectConfigurationPlatforms) = postSolution
		{A17E38A4-14C2-4B25-BFE4-29BBA7B7B302}.Debug|Any CPU.ActiveCfg = Debug|Any CPU
		{A17E38A4-14C2-4B25-BFE4-29BBA7B7B302}.Debug|Any CPU.Build.0 = Debug|Any CPU
		{A17E38A4-14C2-4B25-BFE4-29BBA7B7B302}.Release|Any CPU.ActiveCfg = Release|Any CPU
		{A17E38A4-14C2-4B25-BFE4-29BBA7B7B302}.Release|Any CPU.Build.0 = Release|Any CPU
	EndGlobalSection
	GlobalSection(SolutionProperties) = preSolution
		HideSolutionNode = FALSE
	EndGlobalSection
	GlobalSection(ExtensibilityGlobals) = postSolution
		SolutionGuid = {B1B5A682-87E4-4EBB-BF6C-50F96EF18477}
	EndGlobalSection
EndGlobal
